{
  "version": "3",
  "packages": {
    "specifiers": {
      "jsr:@std/dotenv": "jsr:@std/dotenv@0.225.2",
      "npm:axios": "npm:axios@1.7.7",
      "npm:cheerio": "npm:cheerio@1.0.0",
      "npm:cors": "npm:cors@2.8.5",
      "npm:express": "npm:express@4.21.0"
    },
    "jsr": {
      "@std/dotenv@0.225.2": {
        "integrity": "e2025dce4de6c7bca21dece8baddd4262b09d5187217e231b033e088e0c4dd23"
      }
    },
    "npm": {
      "accepts@1.3.8": {
        "integrity": "sha512-PYAthTa2m2VKxuvSD3DPC/Gy+U+sOA1LAuT8mkmRuvw+NACSaeXEQ+NHcVF7rONl6qcaxV3Uuemwawk+7+SJLw==",
        "dependencies": {
          "mime-types": "mime-types@2.1.35",
          "negotiator": "negotiator@0.6.3"
        }
      },
      "array-flatten@1.1.1": {
        "integrity": "sha512-PCVAQswWemu6UdxsDFFX/+gVeYqKAod3D3UVm91jHwynguOwAvYPhx8nNlM++NqRcK6CxxpUafjmhIdKiHibqg==",
        "dependencies": {}
      },
      "asynckit@0.4.0": {
        "integrity": "sha512-Oei9OH4tRh0YqU3GxhX79dM/mwVgvbZJaSNaRk+bshkj0S5cfHcgYakreBjrHwatXKbz+IoIdYLxrKim2MjW0Q==",
        "dependencies": {}
      },
      "axios@1.7.7": {
        "integrity": "sha512-S4kL7XrjgBmvdGut0sN3yJxqYzrDOnivkBiN0OFs6hLiUam3UPvswUo0kqGyhqUZGEOytHyumEdXsAkgCOUf3Q==",
        "dependencies": {
          "follow-redirects": "follow-redirects@1.15.9",
          "form-data": "form-data@4.0.0",
          "proxy-from-env": "proxy-from-env@1.1.0"
        }
      },
      "body-parser@1.20.3": {
        "integrity": "sha512-7rAxByjUMqQ3/bHJy7D6OGXvx/MMc4IqBn/X0fcM1QUcAItpZrBEYhWGem+tzXH90c+G01ypMcYJBO9Y30203g==",
        "dependencies": {
          "bytes": "bytes@3.1.2",
          "content-type": "content-type@1.0.5",
          "debug": "debug@2.6.9",
          "depd": "depd@2.0.0",
          "destroy": "destroy@1.2.0",
          "http-errors": "http-errors@2.0.0",
          "iconv-lite": "iconv-lite@0.4.24",
          "on-finished": "on-finished@2.4.1",
          "qs": "qs@6.13.0",
          "raw-body": "raw-body@2.5.2",
          "type-is": "type-is@1.6.18",
          "unpipe": "unpipe@1.0.0"
        }
      },
      "boolbase@1.0.0": {
        "integrity": "sha512-JZOSA7Mo9sNGB8+UjSgzdLtokWAky1zbztM3WRLCbZ70/3cTANmQmOdR7y2g+J0e2WXywy1yS468tY+IruqEww==",
        "dependencies": {}
      },
      "bytes@3.1.2": {
        "integrity": "sha512-/Nf7TyzTx6S3yRJObOAV7956r8cr2+Oj8AC5dt8wSP3BQAoeX58NoHyCU8P8zGkNXStjTSi6fzO6F0pBdcYbEg==",
        "dependencies": {}
      },
      "call-bind@1.0.7": {
        "integrity": "sha512-GHTSNSYICQ7scH7sZ+M2rFopRoLh8t2bLSW6BbgrtLsahOIB5iyAVJf9GjWK3cYTDaMj4XdBpM1cA6pIS0Kv2w==",
        "dependencies": {
          "es-define-property": "es-define-property@1.0.0",
          "es-errors": "es-errors@1.3.0",
          "function-bind": "function-bind@1.1.2",
          "get-intrinsic": "get-intrinsic@1.2.4",
          "set-function-length": "set-function-length@1.2.2"
        }
      },
      "cheerio-select@2.1.0": {
        "integrity": "sha512-9v9kG0LvzrlcungtnJtpGNxY+fzECQKhK4EGJX2vByejiMX84MFNQw4UxPJl3bFbTMw+Dfs37XaIkCwTZfLh4g==",
        "dependencies": {
          "boolbase": "boolbase@1.0.0",
          "css-select": "css-select@5.1.0",
          "css-what": "css-what@6.1.0",
          "domelementtype": "domelementtype@2.3.0",
          "domhandler": "domhandler@5.0.3",
          "domutils": "domutils@3.1.0"
        }
      },
      "cheerio@1.0.0": {
        "integrity": "sha512-quS9HgjQpdaXOvsZz82Oz7uxtXiy6UIsIQcpBj7HRw2M63Skasm9qlDocAM7jNuaxdhpPU7c4kJN+gA5MCu4ww==",
        "dependencies": {
          "cheerio-select": "cheerio-select@2.1.0",
          "dom-serializer": "dom-serializer@2.0.0",
          "domhandler": "domhandler@5.0.3",
          "domutils": "domutils@3.1.0",
          "encoding-sniffer": "encoding-sniffer@0.2.0",
          "htmlparser2": "htmlparser2@9.1.0",
          "parse5": "parse5@7.1.2",
          "parse5-htmlparser2-tree-adapter": "parse5-htmlparser2-tree-adapter@7.0.0",
          "parse5-parser-stream": "parse5-parser-stream@7.1.2",
          "undici": "undici@6.19.8",
          "whatwg-mimetype": "whatwg-mimetype@4.0.0"
        }
      },
      "combined-stream@1.0.8": {
        "integrity": "sha512-FQN4MRfuJeHf7cBbBMJFXhKSDq+2kAArBlmRBvcvFE5BB1HZKXtSFASDhdlz9zOYwxh8lDdnvmMOe/+5cdoEdg==",
        "dependencies": {
          "delayed-stream": "delayed-stream@1.0.0"
        }
      },
      "content-disposition@0.5.4": {
        "integrity": "sha512-FveZTNuGw04cxlAiWbzi6zTAL/lhehaWbTtgluJh4/E95DqMwTmha3KZN1aAWA8cFIhHzMZUvLevkw5Rqk+tSQ==",
        "dependencies": {
          "safe-buffer": "safe-buffer@5.2.1"
        }
      },
      "content-type@1.0.5": {
        "integrity": "sha512-nTjqfcBFEipKdXCv4YDQWCfmcLZKm81ldF0pAopTvyrFGVbcR6P/VAAd5G7N+0tTr8QqiU0tFadD6FK4NtJwOA==",
        "dependencies": {}
      },
      "cookie-signature@1.0.6": {
        "integrity": "sha512-QADzlaHc8icV8I7vbaJXJwod9HWYp8uCqf1xa4OfNu1T7JVxQIrUgOWtHdNDtPiywmFbiS12VjotIXLrKM3orQ==",
        "dependencies": {}
      },
      "cookie@0.6.0": {
        "integrity": "sha512-U71cyTamuh1CRNCfpGY6to28lxvNwPG4Guz/EVjgf3Jmzv0vlDp1atT9eS5dDjMYHucpHbWns6Lwf3BKz6svdw==",
        "dependencies": {}
      },
      "cors@2.8.5": {
        "integrity": "sha512-KIHbLJqu73RGr/hnbrO9uBeixNGuvSQjul/jdFvS/KFSIH1hWVd1ng7zOHx+YrEfInLG7q4n6GHQ9cDtxv/P6g==",
        "dependencies": {
          "object-assign": "object-assign@4.1.1",
          "vary": "vary@1.1.2"
        }
      },
      "css-select@5.1.0": {
        "integrity": "sha512-nwoRF1rvRRnnCqqY7updORDsuqKzqYJ28+oSMaJMMgOauh3fvwHqMS7EZpIPqK8GL+g9mKxF1vP/ZjSeNjEVHg==",
        "dependencies": {
          "boolbase": "boolbase@1.0.0",
          "css-what": "css-what@6.1.0",
          "domhandler": "domhandler@5.0.3",
          "domutils": "domutils@3.1.0",
          "nth-check": "nth-check@2.1.1"
        }
      },
      "css-what@6.1.0": {
        "integrity": "sha512-HTUrgRJ7r4dsZKU6GjmpfRK1O76h97Z8MfS1G0FozR+oF2kG6Vfe8JE6zwrkbxigziPHinCJ+gCPjA9EaBDtRw==",
        "dependencies": {}
      },
      "debug@2.6.9": {
        "integrity": "sha512-bC7ElrdJaJnPbAP+1EotYvqZsb3ecl5wi6Bfi6BJTUcNowp6cvspg0jXznRTKDjm/E7AdgFBVeAPVMNcKGsHMA==",
        "dependencies": {
          "ms": "ms@2.0.0"
        }
      },
      "define-data-property@1.1.4": {
        "integrity": "sha512-rBMvIzlpA8v6E+SJZoo++HAYqsLrkg7MSfIinMPFhmkorw7X+dOXVJQs+QT69zGkzMyfDnIMN2Wid1+NbL3T+A==",
        "dependencies": {
          "es-define-property": "es-define-property@1.0.0",
          "es-errors": "es-errors@1.3.0",
          "gopd": "gopd@1.0.1"
        }
      },
      "delayed-stream@1.0.0": {
        "integrity": "sha512-ZySD7Nf91aLB0RxL4KGrKHBXl7Eds1DAmEdcoVawXnLD7SDhpNgtuII2aAkg7a7QS41jxPSZ17p4VdGnMHk3MQ==",
        "dependencies": {}
      },
      "depd@2.0.0": {
        "integrity": "sha512-g7nH6P6dyDioJogAAGprGpCtVImJhpPk/roCzdb3fIh61/s/nPsfR6onyMwkCAR/OlC3yBC0lESvUoQEAssIrw==",
        "dependencies": {}
      },
      "destroy@1.2.0": {
        "integrity": "sha512-2sJGJTaXIIaR1w4iJSNoN0hnMY7Gpc/n8D4qSCJw8QqFWXf7cuAgnEHxBpweaVcPevC2l3KpjYCx3NypQQgaJg==",
        "dependencies": {}
      },
      "dom-serializer@2.0.0": {
        "integrity": "sha512-wIkAryiqt/nV5EQKqQpo3SToSOV9J0DnbJqwK7Wv/Trc92zIAYZ4FlMu+JPFW1DfGFt81ZTCGgDEabffXeLyJg==",
        "dependencies": {
          "domelementtype": "domelementtype@2.3.0",
          "domhandler": "domhandler@5.0.3",
          "entities": "entities@4.5.0"
        }
      },
      "domelementtype@2.3.0": {
        "integrity": "sha512-OLETBj6w0OsagBwdXnPdN0cnMfF9opN69co+7ZrbfPGrdpPVNBUj02spi6B1N7wChLQiPn4CSH/zJvXw56gmHw==",
        "dependencies": {}
      },
      "domhandler@5.0.3": {
        "integrity": "sha512-cgwlv/1iFQiFnU96XXgROh8xTeetsnJiDsTc7TYCLFd9+/WNkIqPTxiM/8pSd8VIrhXGTf1Ny1q1hquVqDJB5w==",
        "dependencies": {
          "domelementtype": "domelementtype@2.3.0"
        }
      },
      "domutils@3.1.0": {
        "integrity": "sha512-H78uMmQtI2AhgDJjWeQmHwJJ2bLPD3GMmO7Zja/ZZh84wkm+4ut+IUnUdRa8uCGX88DiVx1j6FRe1XfxEgjEZA==",
        "dependencies": {
          "dom-serializer": "dom-serializer@2.0.0",
          "domelementtype": "domelementtype@2.3.0",
          "domhandler": "domhandler@5.0.3"
        }
      },
      "ee-first@1.1.1": {
        "integrity": "sha512-WMwm9LhRUo+WUaRN+vRuETqG89IgZphVSNkdFgeb6sS/E4OrDIN7t48CAewSHXc6C8lefD8KKfr5vY61brQlow==",
        "dependencies": {}
      },
      "encodeurl@1.0.2": {
        "integrity": "sha512-TPJXq8JqFaVYm2CWmPvnP2Iyo4ZSM7/QKcSmuMLDObfpH5fi7RUGmd/rTDf+rut/saiDiQEeVTNgAmJEdAOx0w==",
        "dependencies": {}
      },
      "encodeurl@2.0.0": {
        "integrity": "sha512-Q0n9HRi4m6JuGIV1eFlmvJB7ZEVxu93IrMyiMsGC0lrMJMWzRgx6WGquyfQgZVb31vhGgXnfmPNNXmxnOkRBrg==",
        "dependencies": {}
      },
      "encoding-sniffer@0.2.0": {
        "integrity": "sha512-ju7Wq1kg04I3HtiYIOrUrdfdDvkyO9s5XM8QAj/bN61Yo/Vb4vgJxy5vi4Yxk01gWHbrofpPtpxM8bKger9jhg==",
        "dependencies": {
          "iconv-lite": "iconv-lite@0.6.3",
          "whatwg-encoding": "whatwg-encoding@3.1.1"
        }
      },
      "entities@4.5.0": {
        "integrity": "sha512-V0hjH4dGPh9Ao5p0MoRY6BVqtwCjhz6vI5LT8AJ55H+4g9/4vbHx1I54fS0XuclLhDHArPQCiMjDxjaL8fPxhw==",
        "dependencies": {}
      },
      "es-define-property@1.0.0": {
        "integrity": "sha512-jxayLKShrEqqzJ0eumQbVhTYQM27CfT1T35+gCgDFoL82JLsXqTJ76zv6A0YLOgEnLUMvLzsDsGIrl8NFpT2gQ==",
        "dependencies": {
          "get-intrinsic": "get-intrinsic@1.2.4"
        }
      },
      "es-errors@1.3.0": {
        "integrity": "sha512-Zf5H2Kxt2xjTvbJvP2ZWLEICxA6j+hAmMzIlypy4xcBg1vKVnx89Wy0GbS+kf5cwCVFFzdCFh2XSCFNULS6csw==",
        "dependencies": {}
      },
      "escape-html@1.0.3": {
        "integrity": "sha512-NiSupZ4OeuGwr68lGIeym/ksIZMJodUGOSCZ/FSnTxcrekbvqrgdUxlJOMpijaKZVjAJrWrGs/6Jy8OMuyj9ow==",
        "dependencies": {}
      },
      "etag@1.8.1": {
        "integrity": "sha512-aIL5Fx7mawVa300al2BnEE4iNvo1qETxLrPI/o05L7z6go7fCw1J6EQmbK4FmJ2AS7kgVF/KEZWufBfdClMcPg==",
        "dependencies": {}
      },
      "express@4.21.0": {
        "integrity": "sha512-VqcNGcj/Id5ZT1LZ/cfihi3ttTn+NJmkli2eZADigjq29qTlWi/hAQ43t/VLPq8+UX06FCEx3ByOYet6ZFblng==",
        "dependencies": {
          "accepts": "accepts@1.3.8",
          "array-flatten": "array-flatten@1.1.1",
          "body-parser": "body-parser@1.20.3",
          "content-disposition": "content-disposition@0.5.4",
          "content-type": "content-type@1.0.5",
          "cookie": "cookie@0.6.0",
          "cookie-signature": "cookie-signature@1.0.6",
          "debug": "debug@2.6.9",
          "depd": "depd@2.0.0",
          "encodeurl": "encodeurl@2.0.0",
          "escape-html": "escape-html@1.0.3",
          "etag": "etag@1.8.1",
          "finalhandler": "finalhandler@1.3.1",
          "fresh": "fresh@0.5.2",
          "http-errors": "http-errors@2.0.0",
          "merge-descriptors": "merge-descriptors@1.0.3",
          "methods": "methods@1.1.2",
          "on-finished": "on-finished@2.4.1",
          "parseurl": "parseurl@1.3.3",
          "path-to-regexp": "path-to-regexp@0.1.10",
          "proxy-addr": "proxy-addr@2.0.7",
          "qs": "qs@6.13.0",
          "range-parser": "range-parser@1.2.1",
          "safe-buffer": "safe-buffer@5.2.1",
          "send": "send@0.19.0",
          "serve-static": "serve-static@1.16.2",
          "setprototypeof": "setprototypeof@1.2.0",
          "statuses": "statuses@2.0.1",
          "type-is": "type-is@1.6.18",
          "utils-merge": "utils-merge@1.0.1",
          "vary": "vary@1.1.2"
        }
      },
      "finalhandler@1.3.1": {
        "integrity": "sha512-6BN9trH7bp3qvnrRyzsBz+g3lZxTNZTbVO2EV1CS0WIcDbawYVdYvGflME/9QP0h0pYlCDBCTjYa9nZzMDpyxQ==",
        "dependencies": {
          "debug": "debug@2.6.9",
          "encodeurl": "encodeurl@2.0.0",
          "escape-html": "escape-html@1.0.3",
          "on-finished": "on-finished@2.4.1",
          "parseurl": "parseurl@1.3.3",
          "statuses": "statuses@2.0.1",
          "unpipe": "unpipe@1.0.0"
        }
      },
      "follow-redirects@1.15.9": {
        "integrity": "sha512-gew4GsXizNgdoRyqmyfMHyAmXsZDk6mHkSxZFCzW9gwlbtOW44CDtYavM+y+72qD/Vq2l550kMF52DT8fOLJqQ==",
        "dependencies": {}
      },
      "form-data@4.0.0": {
        "integrity": "sha512-ETEklSGi5t0QMZuiXoA/Q6vcnxcLQP5vdugSpuAyi6SVGi2clPPp+xgEhuMaHC+zGgn31Kd235W35f7Hykkaww==",
        "dependencies": {
          "asynckit": "asynckit@0.4.0",
          "combined-stream": "combined-stream@1.0.8",
          "mime-types": "mime-types@2.1.35"
        }
      },
      "forwarded@0.2.0": {
        "integrity": "sha512-buRG0fpBtRHSTCOASe6hD258tEubFoRLb4ZNA6NxMVHNw2gOcwHo9wyablzMzOA5z9xA9L1KNjk/Nt6MT9aYow==",
        "dependencies": {}
      },
      "fresh@0.5.2": {
        "integrity": "sha512-zJ2mQYM18rEFOudeV4GShTGIQ7RbzA7ozbU9I/XBpm7kqgMywgmylMwXHxZJmkVoYkna9d2pVXVXPdYTP9ej8Q==",
        "dependencies": {}
      },
      "function-bind@1.1.2": {
        "integrity": "sha512-7XHNxH7qX9xG5mIwxkhumTox/MIRNcOgDrxWsMt2pAr23WHp6MrRlN7FBSFpCpr+oVO0F744iUgR82nJMfG2SA==",
        "dependencies": {}
      },
      "get-intrinsic@1.2.4": {
        "integrity": "sha512-5uYhsJH8VJBTv7oslg4BznJYhDoRI6waYCxMmCdnTrcCrHA/fCFKoTFz2JKKE0HdDFUF7/oQuhzumXJK7paBRQ==",
        "dependencies": {
          "es-errors": "es-errors@1.3.0",
          "function-bind": "function-bind@1.1.2",
          "has-proto": "has-proto@1.0.3",
          "has-symbols": "has-symbols@1.0.3",
          "hasown": "hasown@2.0.2"
        }
      },
      "gopd@1.0.1": {
        "integrity": "sha512-d65bNlIadxvpb/A2abVdlqKqV563juRnZ1Wtk6s1sIR8uNsXR70xqIzVqxVf1eTqDunwT2MkczEeaezCKTZhwA==",
        "dependencies": {
          "get-intrinsic": "get-intrinsic@1.2.4"
        }
      },
      "has-property-descriptors@1.0.2": {
        "integrity": "sha512-55JNKuIW+vq4Ke1BjOTjM2YctQIvCT7GFzHwmfZPGo5wnrgkid0YQtnAleFSqumZm4az3n2BS+erby5ipJdgrg==",
        "dependencies": {
          "es-define-property": "es-define-property@1.0.0"
        }
      },
      "has-proto@1.0.3": {
        "integrity": "sha512-SJ1amZAJUiZS+PhsVLf5tGydlaVB8EdFpaSO4gmiUKUOxk8qzn5AIy4ZeJUmh22znIdk/uMAUT2pl3FxzVUH+Q==",
        "dependencies": {}
      },
      "has-symbols@1.0.3": {
        "integrity": "sha512-l3LCuF6MgDNwTDKkdYGEihYjt5pRPbEg46rtlmnSPlUbgmB8LOIrKJbYYFBSbnPaJexMKtiPO8hmeRjRz2Td+A==",
        "dependencies": {}
      },
      "hasown@2.0.2": {
        "integrity": "sha512-0hJU9SCPvmMzIBdZFqNPXWa6dqh7WdH0cII9y+CyS8rG3nL48Bclra9HmKhVVUHyPWNH5Y7xDwAB7bfgSjkUMQ==",
        "dependencies": {
          "function-bind": "function-bind@1.1.2"
        }
      },
      "htmlparser2@9.1.0": {
        "integrity": "sha512-5zfg6mHUoaer/97TxnGpxmbR7zJtPwIYFMZ/H5ucTlPZhKvtum05yiPK3Mgai3a0DyVxv7qYqoweaEd2nrYQzQ==",
        "dependencies": {
          "domelementtype": "domelementtype@2.3.0",
          "domhandler": "domhandler@5.0.3",
          "domutils": "domutils@3.1.0",
          "entities": "entities@4.5.0"
        }
      },
      "http-errors@2.0.0": {
        "integrity": "sha512-FtwrG/euBzaEjYeRqOgly7G0qviiXoJWnvEH2Z1plBdXgbyjv34pHTSb9zoeHMyDy33+DWy5Wt9Wo+TURtOYSQ==",
        "dependencies": {
          "depd": "depd@2.0.0",
          "inherits": "inherits@2.0.4",
          "setprototypeof": "setprototypeof@1.2.0",
          "statuses": "statuses@2.0.1",
          "toidentifier": "toidentifier@1.0.1"
        }
      },
      "iconv-lite@0.4.24": {
        "integrity": "sha512-v3MXnZAcvnywkTUEZomIActle7RXXeedOR31wwl7VlyoXO4Qi9arvSenNQWne1TcRwhCL1HwLI21bEqdpj8/rA==",
        "dependencies": {
          "safer-buffer": "safer-buffer@2.1.2"
        }
      },
      "iconv-lite@0.6.3": {
        "integrity": "sha512-4fCk79wshMdzMp2rH06qWrJE4iolqLhCUH+OiuIgU++RB0+94NlDL81atO7GX55uUKueo0txHNtvEyI6D7WdMw==",
        "dependencies": {
          "safer-buffer": "safer-buffer@2.1.2"
        }
      },
      "inherits@2.0.4": {
        "integrity": "sha512-k/vGaX4/Yla3WzyMCvTQOXYeIHvqOKtnqBduzTHpzpQZzAskKMhZ2K+EnBiSM9zGSoIFeMpXKxa4dYeZIQqewQ==",
        "dependencies": {}
      },
      "ipaddr.js@1.9.1": {
        "integrity": "sha512-0KI/607xoxSToH7GjN1FfSbLoU0+btTicjsQSWQlh/hZykN8KpmMf7uYwPW3R+akZ6R/w18ZlXSHBYXiYUPO3g==",
        "dependencies": {}
      },
      "media-typer@0.3.0": {
        "integrity": "sha512-dq+qelQ9akHpcOl/gUVRTxVIOkAJ1wR3QAvb4RsVjS8oVoFjDGTc679wJYmUmknUF5HwMLOgb5O+a3KxfWapPQ==",
        "dependencies": {}
      },
      "merge-descriptors@1.0.3": {
        "integrity": "sha512-gaNvAS7TZ897/rVaZ0nMtAyxNyi/pdbjbAwUpFQpN70GqnVfOiXpeUUMKRBmzXaSQ8DdTX4/0ms62r2K+hE6mQ==",
        "dependencies": {}
      },
      "methods@1.1.2": {
        "integrity": "sha512-iclAHeNqNm68zFtnZ0e+1L2yUIdvzNoauKU4WBA3VvH/vPFieF7qfRlwUZU+DA9P9bPXIS90ulxoUoCH23sV2w==",
        "dependencies": {}
      },
      "mime-db@1.52.0": {
        "integrity": "sha512-sPU4uV7dYlvtWJxwwxHD0PuihVNiE7TyAbQ5SWxDCB9mUYvOgroQOwYQQOKPJ8CIbE+1ETVlOoK1UC2nU3gYvg==",
        "dependencies": {}
      },
      "mime-types@2.1.35": {
        "integrity": "sha512-ZDY+bPm5zTTF+YpCrAU9nK0UgICYPT0QtT1NZWFv4s++TNkcgVaT0g6+4R2uI4MjQjzysHB1zxuWL50hzaeXiw==",
        "dependencies": {
          "mime-db": "mime-db@1.52.0"
        }
      },
      "mime@1.6.0": {
        "integrity": "sha512-x0Vn8spI+wuJ1O6S7gnbaQg8Pxh4NNHb7KSINmEWKiPE4RKOplvijn+NkmYmmRgP68mc70j2EbeTFRsrswaQeg==",
        "dependencies": {}
      },
      "ms@2.0.0": {
        "integrity": "sha512-Tpp60P6IUJDTuOq/5Z8cdskzJujfwqfOTkrwIwj7IRISpnkJnT6SyJ4PCPnGMoFjC9ddhal5KVIYtAt97ix05A==",
        "dependencies": {}
      },
      "ms@2.1.3": {
        "integrity": "sha512-6FlzubTLZG3J2a/NVCAleEhjzq5oxgHyaCU9yYXvcLsvoVaHJq/s5xXI6/XXP6tz7R9xAOtHnSO/tXtF3WRTlA==",
        "dependencies": {}
      },
      "negotiator@0.6.3": {
        "integrity": "sha512-+EUsqGPLsM+j/zdChZjsnX51g4XrHFOIXwfnCVPGlQk/k5giakcKsuxCObBRu6DSm9opw/O6slWbJdghQM4bBg==",
        "dependencies": {}
      },
      "nth-check@2.1.1": {
        "integrity": "sha512-lqjrjmaOoAnWfMmBPL+XNnynZh2+swxiX3WUE0s4yEHI6m+AwrK2UZOimIRl3X/4QctVqS8AiZjFqyOGrMXb/w==",
        "dependencies": {
          "boolbase": "boolbase@1.0.0"
        }
      },
      "object-assign@4.1.1": {
        "integrity": "sha512-rJgTQnkUnH1sFw8yT6VSU3zD3sWmu6sZhIseY8VX+GRu3P6F7Fu+JNDoXfklElbLJSnc3FUQHVe4cU5hj+BcUg==",
        "dependencies": {}
      },
      "object-inspect@1.13.2": {
        "integrity": "sha512-IRZSRuzJiynemAXPYtPe5BoI/RESNYR7TYm50MC5Mqbd3Jmw5y790sErYw3V6SryFJD64b74qQQs9wn5Bg/k3g==",
        "dependencies": {}
      },
      "on-finished@2.4.1": {
        "integrity": "sha512-oVlzkg3ENAhCk2zdv7IJwd/QUD4z2RxRwpkcGY8psCVcCYZNq4wYnVWALHM+brtuJjePWiYF/ClmuDr8Ch5+kg==",
        "dependencies": {
          "ee-first": "ee-first@1.1.1"
        }
      },
      "parse5-htmlparser2-tree-adapter@7.0.0": {
        "integrity": "sha512-B77tOZrqqfUfnVcOrUvfdLbz4pu4RopLD/4vmu3HUPswwTA8OH0EMW9BlWR2B0RCoiZRAHEUu7IxeP1Pd1UU+g==",
        "dependencies": {
          "domhandler": "domhandler@5.0.3",
          "parse5": "parse5@7.1.2"
        }
      },
      "parse5-parser-stream@7.1.2": {
        "integrity": "sha512-JyeQc9iwFLn5TbvvqACIF/VXG6abODeB3Fwmv/TGdLk2LfbWkaySGY72at4+Ty7EkPZj854u4CrICqNk2qIbow==",
        "dependencies": {
          "parse5": "parse5@7.1.2"
        }
      },
      "parse5@7.1.2": {
        "integrity": "sha512-Czj1WaSVpaoj0wbhMzLmWD69anp2WH7FXMB9n1Sy8/ZFF9jolSQVMu1Ij5WIyGmcBmhk7EOndpO4mIpihVqAXw==",
        "dependencies": {
          "entities": "entities@4.5.0"
        }
      },
      "parseurl@1.3.3": {
        "integrity": "sha512-CiyeOxFT/JZyN5m0z9PfXw4SCBJ6Sygz1Dpl0wqjlhDEGGBP1GnsUVEL0p63hoG1fcj3fHynXi9NYO4nWOL+qQ==",
        "dependencies": {}
      },
      "path-to-regexp@0.1.10": {
        "integrity": "sha512-7lf7qcQidTku0Gu3YDPc8DJ1q7OOucfa/BSsIwjuh56VU7katFvuM8hULfkwB3Fns/rsVF7PwPKVw1sl5KQS9w==",
        "dependencies": {}
      },
      "proxy-addr@2.0.7": {
        "integrity": "sha512-llQsMLSUDUPT44jdrU/O37qlnifitDP+ZwrmmZcoSKyLKvtZxpyV0n2/bD/N4tBAAZ/gJEdZU7KMraoK1+XYAg==",
        "dependencies": {
          "forwarded": "forwarded@0.2.0",
          "ipaddr.js": "ipaddr.js@1.9.1"
        }
      },
      "proxy-from-env@1.1.0": {
        "integrity": "sha512-D+zkORCbA9f1tdWRK0RaCR3GPv50cMxcrz4X8k5LTSUD1Dkw47mKJEZQNunItRTkWwgtaUSo1RVFRIG9ZXiFYg==",
        "dependencies": {}
      },
      "qs@6.13.0": {
        "integrity": "sha512-+38qI9SOr8tfZ4QmJNplMUxqjbe7LKvvZgWdExBOmd+egZTtjLB67Gu0HRX3u/XOq7UU2Nx6nsjvS16Z9uwfpg==",
        "dependencies": {
          "side-channel": "side-channel@1.0.6"
        }
      },
      "range-parser@1.2.1": {
        "integrity": "sha512-Hrgsx+orqoygnmhFbKaHE6c296J+HTAQXoxEF6gNupROmmGJRoyzfG3ccAveqCBrwr/2yxQ5BVd/GTl5agOwSg==",
        "dependencies": {}
      },
      "raw-body@2.5.2": {
        "integrity": "sha512-8zGqypfENjCIqGhgXToC8aB2r7YrBX+AQAfIPs/Mlk+BtPTztOvTS01NRW/3Eh60J+a48lt8qsCzirQ6loCVfA==",
        "dependencies": {
          "bytes": "bytes@3.1.2",
          "http-errors": "http-errors@2.0.0",
          "iconv-lite": "iconv-lite@0.4.24",
          "unpipe": "unpipe@1.0.0"
        }
      },
      "safe-buffer@5.2.1": {
        "integrity": "sha512-rp3So07KcdmmKbGvgaNxQSJr7bGVSVk5S9Eq1F+ppbRo70+YeaDxkw5Dd8NPN+GD6bjnYm2VuPuCXmpuYvmCXQ==",
        "dependencies": {}
      },
      "safer-buffer@2.1.2": {
        "integrity": "sha512-YZo3K82SD7Riyi0E1EQPojLz7kpepnSQI9IyPbHHg1XXXevb5dJI7tpyN2ADxGcQbHG7vcyRHk0cbwqcQriUtg==",
        "dependencies": {}
      },
      "send@0.19.0": {
        "integrity": "sha512-dW41u5VfLXu8SJh5bwRmyYUbAoSB3c9uQh6L8h/KtsFREPWpbX1lrljJo186Jc4nmci/sGUZ9a0a0J2zgfq2hw==",
        "dependencies": {
          "debug": "debug@2.6.9",
          "depd": "depd@2.0.0",
          "destroy": "destroy@1.2.0",
          "encodeurl": "encodeurl@1.0.2",
          "escape-html": "escape-html@1.0.3",
          "etag": "etag@1.8.1",
          "fresh": "fresh@0.5.2",
          "http-errors": "http-errors@2.0.0",
          "mime": "mime@1.6.0",
          "ms": "ms@2.1.3",
          "on-finished": "on-finished@2.4.1",
          "range-parser": "range-parser@1.2.1",
          "statuses": "statuses@2.0.1"
        }
      },
      "serve-static@1.16.2": {
        "integrity": "sha512-VqpjJZKadQB/PEbEwvFdO43Ax5dFBZ2UECszz8bQ7pi7wt//PWe1P6MN7eCnjsatYtBT6EuiClbjSWP2WrIoTw==",
        "dependencies": {
          "encodeurl": "encodeurl@2.0.0",
          "escape-html": "escape-html@1.0.3",
          "parseurl": "parseurl@1.3.3",
          "send": "send@0.19.0"
        }
      },
      "set-function-length@1.2.2": {
        "integrity": "sha512-pgRc4hJ4/sNjWCSS9AmnS40x3bNMDTknHgL5UaMBTMyJnU90EgWh1Rz+MC9eFu4BuN/UwZjKQuY/1v3rM7HMfg==",
        "dependencies": {
          "define-data-property": "define-data-property@1.1.4",
          "es-errors": "es-errors@1.3.0",
          "function-bind": "function-bind@1.1.2",
          "get-intrinsic": "get-intrinsic@1.2.4",
          "gopd": "gopd@1.0.1",
          "has-property-descriptors": "has-property-descriptors@1.0.2"
        }
      },
      "setprototypeof@1.2.0": {
        "integrity": "sha512-E5LDX7Wrp85Kil5bhZv46j8jOeboKq5JMmYM3gVGdGH8xFpPWXUMsNrlODCrkoxMEeNi/XZIwuRvY4XNwYMJpw==",
        "dependencies": {}
      },
      "side-channel@1.0.6": {
        "integrity": "sha512-fDW/EZ6Q9RiO8eFG8Hj+7u/oW+XrPTIChwCOM2+th2A6OblDtYYIpve9m+KvI9Z4C9qSEXlaGR6bTEYHReuglA==",
        "dependencies": {
          "call-bind": "call-bind@1.0.7",
          "es-errors": "es-errors@1.3.0",
          "get-intrinsic": "get-intrinsic@1.2.4",
          "object-inspect": "object-inspect@1.13.2"
        }
      },
      "statuses@2.0.1": {
        "integrity": "sha512-RwNA9Z/7PrK06rYLIzFMlaF+l73iwpzsqRIFgbMLbTcLD6cOao82TaWefPXQvB2fOC4AjuYSEndS7N/mTCbkdQ==",
        "dependencies": {}
      },
      "toidentifier@1.0.1": {
        "integrity": "sha512-o5sSPKEkg/DIQNmH43V0/uerLrpzVedkUh8tGNvaeXpfpuwjKenlSox/2O/BTlZUtEe+JG7s5YhEz608PlAHRA==",
        "dependencies": {}
      },
      "type-is@1.6.18": {
        "integrity": "sha512-TkRKr9sUTxEH8MdfuCSP7VizJyzRNMjj2J2do2Jr3Kym598JVdEksuzPQCnlFPW4ky9Q+iA+ma9BGm06XQBy8g==",
        "dependencies": {
          "media-typer": "media-typer@0.3.0",
          "mime-types": "mime-types@2.1.35"
        }
      },
      "undici@6.19.8": {
        "integrity": "sha512-U8uCCl2x9TK3WANvmBavymRzxbfFYG+tAu+fgx3zxQy3qdagQqBLwJVrdyO1TBfUXvfKveMKJZhpvUYoOjM+4g==",
        "dependencies": {}
      },
      "unpipe@1.0.0": {
        "integrity": "sha512-pjy2bYhSsufwWlKwPc+l3cN7+wuJlK6uz0YdJEOlQDbl6jo/YlPi4mb8agUkVC8BF7V8NuzeyPNqRksA3hztKQ==",
        "dependencies": {}
      },
      "utils-merge@1.0.1": {
        "integrity": "sha512-pMZTvIkT1d+TFGvDOqodOclx0QWkkgi6Tdoa8gC8ffGAAqz9pzPTZWAybbsHHoED/ztMtkv/VoYTYyShUn81hA==",
        "dependencies": {}
      },
      "vary@1.1.2": {
        "integrity": "sha512-BNGbWLfd0eUPabhkXUVm0j8uuvREyTh5ovRa/dyow/BqAbZJyC+5fU+IzQOzmAKzYqYRAISoRhdQr3eIZ/PXqg==",
        "dependencies": {}
      },
      "whatwg-encoding@3.1.1": {
        "integrity": "sha512-6qN4hJdMwfYBtE3YBTTHhoeuUrDBPZmbQaxWAqSALV/MeEnR5z1xd8UKud2RAkFoPkmB+hli1TZSnyi84xz1vQ==",
        "dependencies": {
          "iconv-lite": "iconv-lite@0.6.3"
        }
      },
      "whatwg-mimetype@4.0.0": {
        "integrity": "sha512-QaKxh0eNIi2mE9p2vEdzfagOKHCcj1pJ56EEHGQOVxp8r9/iszLUUV7v89x9O1p/T+NlTM5W7jW6+cz4Fq1YVg==",
        "dependencies": {}
      }
    }
  },
  "redirects": {
    "https://deno.land/x/base64/base64url.ts": "https://deno.land/x/base64@v0.2.1/base64url.ts"
  },
  "remote": {
    "https://deno.land/x/base64@v0.2.1/base.ts": "47dc8d68f07dc91524bdd6db36eccbe59cf4d935b5fc09f27357a3944bb3ff7b",
    "https://deno.land/x/base64@v0.2.1/base64url.ts": "18bbf879b31f1f32cca8adaa2b6885ae325c2cec6a66c5817b684ca12c46ad5e",
    "https://deno.land/x/sha1@v1.0.3/deps.ts": "2e1af51a48c8507017fdb057b950366601b177fb7e73d5de54c1b3e0e115d72e",
    "https://deno.land/x/sha1@v1.0.3/mod.ts": "146a101c9776cc9c807053c93f23e4b321ade5251f65745df418f4a75d5fd27b",
    "https://deno.land/x/upstash_redis@v1.14.0/mod.ts": "9163f1863d4625642f64b0ea14c3ed733bee5f7f277baac0ae10d4e9e5402c9c",
    "https://deno.land/x/upstash_redis@v1.14.0/pkg/commands/append.ts": "7c1612a3a5543926afb8dd3ca8086e5d7ef5c3dcbda0ca30eb720259e707f651",
    "https://deno.land/x/upstash_redis@v1.14.0/pkg/commands/bitcount.ts": "8efbd9bfa25a58daf0773adaf00f7ae2c6a7a6a621f11158c53bcfe88d12b255",
    "https://deno.land/x/upstash_redis@v1.14.0/pkg/commands/bitop.ts": "dcaa11a96429b0fb5595a63967f7e8751683785a0baba87d7aa027df03fcd06e",
    "https://deno.land/x/upstash_redis@v1.14.0/pkg/commands/bitpos.ts": "2c74aa14054407f66a12764f9cd2a3ca16a5d4f4f59c70815274362c015aa428",
    "https://deno.land/x/upstash_redis@v1.14.0/pkg/commands/command.ts": "7447816c249ca1be25a542d39bb24b90023ed7acaf91cc47a7f86ed0f055255a",
    "https://deno.land/x/upstash_redis@v1.14.0/pkg/commands/dbsize.ts": "7509e8630675755e82d7294a556466f1b36cb3caf3829f836b25cdb7cf95e404",
    "https://deno.land/x/upstash_redis@v1.14.0/pkg/commands/decr.ts": "3ee6c714f01b12f9fa9bd755d99b098f7c7b42c50ff1589e6c47ccb720fef3c2",
    "https://deno.land/x/upstash_redis@v1.14.0/pkg/commands/decrby.ts": "1abe00bb7a8f935413dd3a5030d94df1761cd44c0bcffa5caa641f8e32d0961f",
    "https://deno.land/x/upstash_redis@v1.14.0/pkg/commands/del.ts": "898bf42c3f758bae1d3d2a9d9ac82e1fdfdf72179caa65fd8c42ebe191db6cea",
    "https://deno.land/x/upstash_redis@v1.14.0/pkg/commands/echo.ts": "8bcb79701c8fe9439c2fd92f0a83d5db663c8e084da65c8cbb851a071b8c8bb6",
    "https://deno.land/x/upstash_redis@v1.14.0/pkg/commands/eval.ts": "99d740003e7769e26f5511896f65a57ee4c987ec875b744cefe1f2522cfd2c05",
    "https://deno.land/x/upstash_redis@v1.14.0/pkg/commands/evalsha.ts": "da213bf79e83b6895dc8805dc033e00fa357f95728fef87ab7e066d0aa0683d3",
    "https://deno.land/x/upstash_redis@v1.14.0/pkg/commands/exists.ts": "96310238f26a8569a0100a36f2dc2bc60de371736fe723809ceb4c49c8a6cc74",
    "https://deno.land/x/upstash_redis@v1.14.0/pkg/commands/expire.ts": "f9ea57ea9e3c801c1f628d74f55337cf04f9184c8f3e75f55528dee29c881fad",
    "https://deno.land/x/upstash_redis@v1.14.0/pkg/commands/expireat.ts": "ec738e5cca59c56b0d43e564ef16951cdda963b4849850ced1df3ba62596994c",
    "https://deno.land/x/upstash_redis@v1.14.0/pkg/commands/flushall.ts": "365876a9cfe254286da033f275ac4a0d11349c96cacd1461f0d3c23b07957ac6",
    "https://deno.land/x/upstash_redis@v1.14.0/pkg/commands/flushdb.ts": "369e628d24ce41ba6c0518a955c48e2a9359dd4b831d7211fc8d0621ccfc0af7",
    "https://deno.land/x/upstash_redis@v1.14.0/pkg/commands/get.ts": "ef4968bc57ffc5826d178f56bdade982b6d93ab875d2bb516363beefef52fc59",
    "https://deno.land/x/upstash_redis@v1.14.0/pkg/commands/getbit.ts": "c29aec972672a1827796a2b4419ccc5b91d8d080fd237eb2b1cc4cdd88d2967b",
    "https://deno.land/x/upstash_redis@v1.14.0/pkg/commands/getrange.ts": "65deab3bd5ea316693fb966912ba4a1114c619c2a1d00b72599e40c532456481",
    "https://deno.land/x/upstash_redis@v1.14.0/pkg/commands/getset.ts": "df7ded3779f9faf329c2023097db901302aaeece7bde0691ae61ea1daf967b39",
    "https://deno.land/x/upstash_redis@v1.14.0/pkg/commands/hdel.ts": "e777b005f41ee3078593dddf89d72275af7a66050fcc7ed93221caffd9a71810",
    "https://deno.land/x/upstash_redis@v1.14.0/pkg/commands/hexists.ts": "4f96fcdf8b15a982922b6bf9cfa9fc891582b5da9b0eb9d92a9eb13594c99048",
    "https://deno.land/x/upstash_redis@v1.14.0/pkg/commands/hget.ts": "5566c8e0a0f9ecdb9e65a66cfc740d224c90d9a172558361abc180c1dc2e9522",
    "https://deno.land/x/upstash_redis@v1.14.0/pkg/commands/hgetall.ts": "30afa99cd224b808813e7aec0be00828eef91c6a9aa2af346aa1cd85fc0dbc11",
    "https://deno.land/x/upstash_redis@v1.14.0/pkg/commands/hincrby.ts": "d112a0bf6de6ee49ef43053687f263b300cd6ff8da999299b423906ce9e06b3c",
    "https://deno.land/x/upstash_redis@v1.14.0/pkg/commands/hincrbyfloat.ts": "e22c06c24fbaa51849938e65e89daca9e77a95229154c1a99a9514124ad057ef",
    "https://deno.land/x/upstash_redis@v1.14.0/pkg/commands/hkeys.ts": "516edcd187a3d5387201db43adacfe029fe87d687224e46d3fa5694fd01c07ba",
    "https://deno.land/x/upstash_redis@v1.14.0/pkg/commands/hlen.ts": "2b1e8c671706e32f83246cf94e828e5e6d8c3c39373ce4c27fee41bc3b239bc1",
    "https://deno.land/x/upstash_redis@v1.14.0/pkg/commands/hmget.ts": "2ee9bfe03982411fb0b1f58be7332b44afe38906c3e9d90ac35ba2e0e14ac8ec",
    "https://deno.land/x/upstash_redis@v1.14.0/pkg/commands/hmset.ts": "c9388d874f8825be5b3f2c991b46686b942df35b6abd39bcdb2a829c6348f905",
    "https://deno.land/x/upstash_redis@v1.14.0/pkg/commands/hscan.ts": "5297cf93d7231494456fcd0318fbea916aa7338dc19d442a787426834390e5c0",
    "https://deno.land/x/upstash_redis@v1.14.0/pkg/commands/hset.ts": "ebb77f26c642ea9791402c08aaf8149e66f035122b971bcb07de403187e95291",
    "https://deno.land/x/upstash_redis@v1.14.0/pkg/commands/hsetnx.ts": "4e51c84029d748cd56374d02b6fadb58b372b6274723c89505454c874a4a764c",
    "https://deno.land/x/upstash_redis@v1.14.0/pkg/commands/hstrlen.ts": "9fd3e3ff9dda9fd1592f24c08e30224f905a76de057099d848dd1c5e7c3fdc3d",
    "https://deno.land/x/upstash_redis@v1.14.0/pkg/commands/hvals.ts": "a8dc9595641af7aa9eabdeab2b4dc6d08ce6de28491c44d0154f547fbea0a212",
    "https://deno.land/x/upstash_redis@v1.14.0/pkg/commands/incr.ts": "1cdbddd6d29bec792f0ba8f435cbdced660d7f23d87a444c850e5d4c400cc398",
    "https://deno.land/x/upstash_redis@v1.14.0/pkg/commands/incrby.ts": "ccbaae06a96987ddeba48ac999e3274c63f37fc5d2ee8de4780c8845b3829a55",
    "https://deno.land/x/upstash_redis@v1.14.0/pkg/commands/incrbyfloat.ts": "07e87c6ca61dfb5220df723f8f6d442a7b0878586bf765914f45998269432e5d",
    "https://deno.land/x/upstash_redis@v1.14.0/pkg/commands/keys.ts": "36dd4074c17d59b8913679d881f9ef0a9d64be5843b4ddcd9633f9c22f1ad5e3",
    "https://deno.land/x/upstash_redis@v1.14.0/pkg/commands/lindex.ts": "19fdf660c92984aff4c3e8c50f2b7a6b92430d6ba79822ecb8c21de534f4aafa",
    "https://deno.land/x/upstash_redis@v1.14.0/pkg/commands/linsert.ts": "1792c369262f6145fbb99a91d047ce01a07dccad07962b4a4e34f4b818669ca9",
    "https://deno.land/x/upstash_redis@v1.14.0/pkg/commands/llen.ts": "0c82404707e01288e1fd347a92b245b07cdb4f6d9f1ccdc653d61df78e493104",
    "https://deno.land/x/upstash_redis@v1.14.0/pkg/commands/lpop.ts": "36d61a02a1658ed86fc966d314afab3690b8e4275fdc6229694fc9c8def0313e",
    "https://deno.land/x/upstash_redis@v1.14.0/pkg/commands/lpos.ts": "62bf0b311b74f5284f00fe31e8374f6f3b9b4ec8a868309bbb7787c952251744",
    "https://deno.land/x/upstash_redis@v1.14.0/pkg/commands/lpush.ts": "77da2034c6f2143604cea38ea6cc1248564cb9d65b727f0b140ae51dea18088f",
    "https://deno.land/x/upstash_redis@v1.14.0/pkg/commands/lpushx.ts": "cc12838b65ec8940c52a6a1677baa49716a4246d70284cb2e5fd50f6896caa34",
    "https://deno.land/x/upstash_redis@v1.14.0/pkg/commands/lrange.ts": "05c3315fd9c5f587a66176e64ad73b627f2ac16e06fc680fd357cd1684c538f6",
    "https://deno.land/x/upstash_redis@v1.14.0/pkg/commands/lrem.ts": "17979b4b14d5f76f2f4165ab1f5fd5ea9ad57f8c537f0994b5306553f4955a10",
    "https://deno.land/x/upstash_redis@v1.14.0/pkg/commands/lset.ts": "b4bf2d63090082a37b5f07f7b1a84e13315c286a90b673ac9877f97b94dc3af4",
    "https://deno.land/x/upstash_redis@v1.14.0/pkg/commands/ltrim.ts": "645ed938098b8bdea5511edb10961fdd174b85876fb912f6dc5f01dca83721e0",
    "https://deno.land/x/upstash_redis@v1.14.0/pkg/commands/mget.ts": "1c3d158b324528bf297df2e3569038d5ab3f2a2c5725c37fffe8e9f52aee0e40",
    "https://deno.land/x/upstash_redis@v1.14.0/pkg/commands/mod.ts": "f7666e6ee9765922dcb55e24f5c9323b837050b70f8efd0c6e31f563c5267b56",
    "https://deno.land/x/upstash_redis@v1.14.0/pkg/commands/mset.ts": "1bd2071ff2c1300469c5052fe22482a528e9486770adce358842f9e63631bbba",
    "https://deno.land/x/upstash_redis@v1.14.0/pkg/commands/msetnx.ts": "c444321245e5e8380834646d032d819036f0cdfc4a4cf21e1f7ef13375994e37",
    "https://deno.land/x/upstash_redis@v1.14.0/pkg/commands/persist.ts": "8b2084e4f463e35c6a73a95f62109c3c7e04771cf2ee5a7fbd0591f79bd220f6",
    "https://deno.land/x/upstash_redis@v1.14.0/pkg/commands/pexpire.ts": "9671f8fc89d3a435adf51fefd1b3dec2c646399da11ddbe8a071c8967236c682",
    "https://deno.land/x/upstash_redis@v1.14.0/pkg/commands/pexpireat.ts": "102acd28e00ade7cdaecd71cbffb9f3898973e0341ac9ae4e75baa8aa413e656",
    "https://deno.land/x/upstash_redis@v1.14.0/pkg/commands/ping.ts": "c2a3bdacbdd2bbd67490e434f4ef705dd230d0ee1b7362491ee8fcf331c88d5e",
    "https://deno.land/x/upstash_redis@v1.14.0/pkg/commands/psetex.ts": "3d5f50d81f18fedf2972b9faeefc955e770500102f6670616bcae72aeea7e6bc",
    "https://deno.land/x/upstash_redis@v1.14.0/pkg/commands/pttl.ts": "1dc04eebde6a97fe3ab1fa5a21f70fbbf20d0587275b55c67d84176020f0c53a",
    "https://deno.land/x/upstash_redis@v1.14.0/pkg/commands/publish.ts": "e736798115caf72cdf7bde9f4aad0a65bb1c63097956f9877b521df16aeac473",
    "https://deno.land/x/upstash_redis@v1.14.0/pkg/commands/randomkey.ts": "ef02967dd2b2cfcfe9842850b840c4bd02af5ee1938d98d97ef8d751d0223f06",
    "https://deno.land/x/upstash_redis@v1.14.0/pkg/commands/rename.ts": "57ea600f060cbf73220afcb413097e5b022315c991417602980a5907d696bec9",
    "https://deno.land/x/upstash_redis@v1.14.0/pkg/commands/renamenx.ts": "63873b5add504aeb469df82bca2603d5077e12a9258ea43434047bd5daba763e",
    "https://deno.land/x/upstash_redis@v1.14.0/pkg/commands/rpop.ts": "05f54a6f69a5b646b467bf6ecce6832807a586ba448ccf5b438b5c286dff3bc7",
    "https://deno.land/x/upstash_redis@v1.14.0/pkg/commands/rpush.ts": "ccf283281faba2107a467121445edec7d117132b0899b6d4a4dd5079cf83d80a",
    "https://deno.land/x/upstash_redis@v1.14.0/pkg/commands/rpushx.ts": "08d3ac8e377dd7792cb7a5591dea5d3464608ecabaa3760d8950f77fc60dbdd4",
    "https://deno.land/x/upstash_redis@v1.14.0/pkg/commands/sadd.ts": "8242a9d4e34e2f2fe7e6032e7eee5ced4c724aeb2597c5e431d568a6426a9ada",
    "https://deno.land/x/upstash_redis@v1.14.0/pkg/commands/scan.ts": "d8eed51a34134190e90c3b77bfbf807cbb1080273ac1028f81beea5dadc2d6d8",
    "https://deno.land/x/upstash_redis@v1.14.0/pkg/commands/scard.ts": "c0cd0a9560e729dde42c9370bedbbcabe8beb559dcdab37c712e990ad1ab6f47",
    "https://deno.land/x/upstash_redis@v1.14.0/pkg/commands/script_exists.ts": "ec34a802ad8ccccecd149acbd5fce8e83299eb867b27a832ae32590dc877dc18",
    "https://deno.land/x/upstash_redis@v1.14.0/pkg/commands/script_flush.ts": "c88cd9df52cc3e7f5039d5c2739b6d7137087407e1ad992513cd5794f69bc528",
    "https://deno.land/x/upstash_redis@v1.14.0/pkg/commands/script_load.ts": "2bb0eddfe4c0a0d49efce6ed62318e9ee1482d8f31905b43c91981e2c02cf557",
    "https://deno.land/x/upstash_redis@v1.14.0/pkg/commands/sdiff.ts": "9caca14e5d21c2fca58b724735b69ac4c0ebafadbda4402bff5e78bf7ebdd97d",
    "https://deno.land/x/upstash_redis@v1.14.0/pkg/commands/sdiffstore.ts": "f02b0280dfc2671fa630cceacfddf8c4fd67d0577f9616e43f5ce538228e21db",
    "https://deno.land/x/upstash_redis@v1.14.0/pkg/commands/set.ts": "10630826a4ec10d24b8ef867e3d817d671111b5999bac5df0683f26677b8070b",
    "https://deno.land/x/upstash_redis@v1.14.0/pkg/commands/setbit.ts": "7e1dfa1f29e50412c742e862d560e953010212d3e0d6f1ff5f6829f111255ee6",
    "https://deno.land/x/upstash_redis@v1.14.0/pkg/commands/setex.ts": "a4bb2007a6f6d43b1d207680e8cb40a9d1eedeff1188755a1a9937a510bad4e2",
    "https://deno.land/x/upstash_redis@v1.14.0/pkg/commands/setnx.ts": "c4a0ae9ea88a3c9e3576863221cee1f5974c1e86f20701b0df7483b78d8dda1d",
    "https://deno.land/x/upstash_redis@v1.14.0/pkg/commands/setrange.ts": "d5598d0e8f0d901d09293dc3cdd934827b07173d1b3617fafa5e9fb79dad19a5",
    "https://deno.land/x/upstash_redis@v1.14.0/pkg/commands/sinter.ts": "8e650a63534e9ecdf0b94e11666fe37e6e8b66184a7a96bfb7f25375b794899d",
    "https://deno.land/x/upstash_redis@v1.14.0/pkg/commands/sinterstore.ts": "60b04d306de90048c11f50851725d3398735ba918dfcb965e52546f174ba9b29",
    "https://deno.land/x/upstash_redis@v1.14.0/pkg/commands/sismember.ts": "dcaeb0422ef38d02793c3680950dafcbcf3a935130c9923b0bf62d80d7db604c",
    "https://deno.land/x/upstash_redis@v1.14.0/pkg/commands/smembers.ts": "94d8a2e5ffdb32ea73b46a93ae85d91b94d97766ceed92f0ed6264f3d11cf082",
    "https://deno.land/x/upstash_redis@v1.14.0/pkg/commands/smove.ts": "64d7c5b8d4d4f17cb10e0aa024b371dbe59c22f96248388bdc63411fbc093106",
    "https://deno.land/x/upstash_redis@v1.14.0/pkg/commands/spop.ts": "96cdec492f2ad652c6eb50bf4f838aba1247c12dc641ca63aa1c7af9a1caa464",
    "https://deno.land/x/upstash_redis@v1.14.0/pkg/commands/srandmember.ts": "e429f6f96e00f8cc19fbeed53cebe52740f0417d7b15ec2ed1f20a9ecb51c043",
    "https://deno.land/x/upstash_redis@v1.14.0/pkg/commands/srem.ts": "0b3f22a1f68739aaec4e7eb24d4c4a0a21a20e76169abe5d12e8c414dc612203",
    "https://deno.land/x/upstash_redis@v1.14.0/pkg/commands/sscan.ts": "2d9980294af9e7533d071ac5cc681a4353be6f6d44a08f543eaba014fe6fb0d1",
    "https://deno.land/x/upstash_redis@v1.14.0/pkg/commands/strlen.ts": "c4473211982ab1928be97a0508355c938d85c5e407eb50c031cf60222ed76748",
    "https://deno.land/x/upstash_redis@v1.14.0/pkg/commands/sunion.ts": "17288149935bb1d5d5ee2a573316f8548279b2f40fc489e21f0d7b67165b3de9",
    "https://deno.land/x/upstash_redis@v1.14.0/pkg/commands/sunionstore.ts": "e1fd559d77ee55045f449a70c16b64d51a76c39dd91cca5acb08b3674804fd65",
    "https://deno.land/x/upstash_redis@v1.14.0/pkg/commands/time.ts": "a9369529c7f90dad581399729756833e07aa021113c81e884728b1d88180c42b",
    "https://deno.land/x/upstash_redis@v1.14.0/pkg/commands/touch.ts": "de30108091d443f1d839784068a24e23a31cfa2849bb2830ae880637cd6c6bee",
    "https://deno.land/x/upstash_redis@v1.14.0/pkg/commands/ttl.ts": "59c6bb55279eeca818ded3b064a4468c207dc20a9bb1adf041a7641db25cf2bf",
    "https://deno.land/x/upstash_redis@v1.14.0/pkg/commands/type.ts": "45f6a2cf5bef44067d85d399dbe996d519797dad91b125b592082adb0cd21346",
    "https://deno.land/x/upstash_redis@v1.14.0/pkg/commands/unlink.ts": "8e4f798f269e1d90b09cd651e6bb7299d73ac0851b63d528bd1977415eae66a7",
    "https://deno.land/x/upstash_redis@v1.14.0/pkg/commands/zadd.ts": "81b17c7f0b640b8bcbb6151e5753ed1b8d56bafd13be171c608bafcfaa6e6041",
    "https://deno.land/x/upstash_redis@v1.14.0/pkg/commands/zcard.ts": "aabcb2807530ca78b4e5209d2d438ec5ed63b4a2024d6f62fe7cc5447816c2f2",
    "https://deno.land/x/upstash_redis@v1.14.0/pkg/commands/zcount.ts": "ad88591dcefc8bcaa24f32dbcfff35f82a61ccd36a562429b3ff8216ac754146",
    "https://deno.land/x/upstash_redis@v1.14.0/pkg/commands/zincrby.ts": "e58e72348f27cad636320a76a6461b6e7708c990027b8709b3a7ac84120617be",
    "https://deno.land/x/upstash_redis@v1.14.0/pkg/commands/zinterstore.ts": "6fb94390fb902e74dbc577a614d7e315e13d5c47309675b938fdb323f7cca06f",
    "https://deno.land/x/upstash_redis@v1.14.0/pkg/commands/zlexcount.ts": "ced0b60c255f81008ddb7a8ae75d55493035ac37050fba681e416e723c3ceadc",
    "https://deno.land/x/upstash_redis@v1.14.0/pkg/commands/zmscore.ts": "ac8162797d0d35f0a72651b3db953cfbb2f56cccc911d42934c8e7cd66d12d11",
    "https://deno.land/x/upstash_redis@v1.14.0/pkg/commands/zpopmax.ts": "3367e079bc3e07a0e6f7eda43ec52a1929e287a1e261cf5c63df32f275b9b567",
    "https://deno.land/x/upstash_redis@v1.14.0/pkg/commands/zpopmin.ts": "b8998941e29ebe7a5e9b2df43faabffe9126f7a3682debe34c92b2cb0190e6a3",
    "https://deno.land/x/upstash_redis@v1.14.0/pkg/commands/zrange.ts": "2015b8243d14470b7f6e24f6da300a6059526d14a337593328deaa080af51cd5",
    "https://deno.land/x/upstash_redis@v1.14.0/pkg/commands/zrank.ts": "a5010f33b3b18f6d28fda1b45275840f11b31d162e8ffca5cb60785fc15c9b38",
    "https://deno.land/x/upstash_redis@v1.14.0/pkg/commands/zrem.ts": "d5fa92243158fe1c0ddd161d7aef7c4fab3d6d2180dc6e478d8a423aac0078da",
    "https://deno.land/x/upstash_redis@v1.14.0/pkg/commands/zremrangebylex.ts": "0c023863bd770f842150ea3218b391e9317c1edcd3ebb22a610fbcb71797aa81",
    "https://deno.land/x/upstash_redis@v1.14.0/pkg/commands/zremrangebyrank.ts": "44a08191c50edd38d83e025a83cea4ac8e240981aa7a7e24f9a2931f5a380d6c",
    "https://deno.land/x/upstash_redis@v1.14.0/pkg/commands/zremrangebyscore.ts": "20d5c9f19b2bd67b84790ebb83092541318b16701623d9787c60f24db92b71ff",
    "https://deno.land/x/upstash_redis@v1.14.0/pkg/commands/zrevrank.ts": "55a50470a8c089e61325d16a8cd42ea376c1fb4857df5ea4b1a2d8fb5e328a32",
    "https://deno.land/x/upstash_redis@v1.14.0/pkg/commands/zscan.ts": "eab7069ba31cb8b24df3db139b4f8899af0342ea43327463608ef4e92cd06fdf",
    "https://deno.land/x/upstash_redis@v1.14.0/pkg/commands/zscore.ts": "1977f586cbc9374dda8d4ad790c7b3c0a34cbde6d91cf6a7e5b064ed030a77ad",
    "https://deno.land/x/upstash_redis@v1.14.0/pkg/commands/zunionstore.ts": "67393ede82edfe0708ad9f2eb8ef78a1e3099ee7365f9925ce22097e465452cb",
    "https://deno.land/x/upstash_redis@v1.14.0/pkg/error.ts": "17c357eab8dca7700286355581e395d64f454bd5c478444f12be273d8a3e5ffe",
    "https://deno.land/x/upstash_redis@v1.14.0/pkg/http.ts": "a4c19363adb3847aafbd598cb70c8f7e5be2ad80ddd666034c65d213df1ec87b",
    "https://deno.land/x/upstash_redis@v1.14.0/pkg/pipeline.ts": "1495c1b103e5a8d3edc0f6f6756c1aa0e3977c6335a2c5ea6ccb7d5dbfea11fc",
    "https://deno.land/x/upstash_redis@v1.14.0/pkg/redis.ts": "1796a21af356648ae0642d2f2ef75213db58572c9d3e5c935acf602a5d0e40af",
    "https://deno.land/x/upstash_redis@v1.14.0/pkg/script.ts": "4f7510a8511b9cc4fe63d8c14e381bd753cc2b296d88904c6c0e1bb950b31a4e",
    "https://deno.land/x/upstash_redis@v1.14.0/pkg/types.ts": "d5b2844744b35d87495175c176a24ba8edb039aadf2b5f65dfe80d822e4e37e3",
    "https://deno.land/x/upstash_redis@v1.14.0/pkg/util.ts": "bda4f5eb90ff82d2443ec8908a376079a44af328ee64390d2e5ee7687a171556",
    "https://denopkg.com/chiefbiiko/std-encoding@v1.0.0/mod.ts": "4a927e5cd1d9b080d72881eb285b3b94edb6dadc1828aeb194117645f4481ac0"
  },
  "workspace": {
    "packageJson": {
      "dependencies": [
        "npm:axios@^1.5.1",
        "npm:cheerio@^1.0.0-rc.12",
        "npm:cors@^2.8.5",
        "npm:express@^4.18.2",
        "npm:nodemon@^3.0.1"
      ]
    }
  }
}
